
Microsoft Visual Studio Solution File, Format Version 12.00
# Visual Studio 15
VisualStudioVersion = 15.0.27004.2005
MinimumVisualStudioVersion = 10.0.40219.1
Project("{FAE04EC0-301F-11D3-BF4B-00C04F79EFBC}") = "TicTocProject", "TicTocProject\TicTocProject.csproj", "{4D3F28F7-2ED2-4BC2-81FF-544E7C6A6AE1}"
EndProject
Global
	GlobalSection(SolutionConfigurationPlatforms) = preSolution
		Debug|Any CPU = Debug|Any CPU
		Release|Any CPU = Release|Any CPU
	EndGlobalSection
	GlobalSection(ProjectConfigurationPlatforms) = postSolution
		{4D3F28F7-2ED2-4BC2-81FF-544E7C6A6AE1}.Debug|Any CPU.ActiveCfg = Debug|Any CPU
		{4D3F28F7-2ED2-4BC2-81FF-544E7C6A6AE1}.Debug|Any CPU.Build.0 = Debug|Any CPU
		{4D3F28F7-2ED2-4BC2-81FF-544E7C6A6AE1}.Release|Any CPU.ActiveCfg = Release|Any CPU
		{4D3F28F7-2ED2-4BC2-81FF-544E7C6A6AE1}.Release|Any CPU.Build.0 = Release|Any CPU
	EndGlobalSection
	GlobalSection(SolutionProperties) = preSolution
		HideSolutionNode = FALSE
	EndGlobalSection
	GlobalSection(ExtensibilityGlobals) = postSolution
		SolutionGuid = {24B18913-25A4-407E-B6BB-1C98D594237C}
	EndGlobalSection
EndGlobal
